
Microsoft Visual Studio Solution File, Format Version 12.00
# Visual Studio Version 17
VisualStudioVersion = 17.6.33815.320
MinimumVisualStudioVersion = 10.0.40219.1
Project("{FAE04EC0-301F-11D3-BF4B-00C04F79EFBC}") = "Biblioteca", "Biblioteca\Biblioteca.csproj", "{1C8DD9B4-BAC5-4E67-890B-8627C2730690}"
EndProject
Global
	GlobalSection(SolutionConfigurationPlatforms) = preSolution
		Debug|Any CPU = Debug|Any CPU
		Release|Any CPU = Release|Any CPU
	EndGlobalSection
	GlobalSection(ProjectConfigurationPlatforms) = postSolution
		{1C8DD9B4-BAC5-4E67-890B-8627C2730690}.Debug|Any CPU.ActiveCfg = Debug|Any CPU
		{1C8DD9B4-BAC5-4E67-890B-8627C2730690}.Debug|Any CPU.Build.0 = Debug|Any CPU
		{1C8DD9B4-BAC5-4E67-890B-8627C2730690}.Release|Any CPU.ActiveCfg = Release|Any CPU
		{1C8DD9B4-BAC5-4E67-890B-8627C2730690}.Release|Any CPU.Build.0 = Release|Any CPU
	EndGlobalSection
	GlobalSection(SolutionProperties) = preSolution
		HideSolutionNode = FALSE
	EndGlobalSection
	GlobalSection(ExtensibilityGlobals) = postSolution
		SolutionGuid = {1DD8AF52-7F0A-4BB3-A2E0-BD44DDA7175E}
	EndGlobalSection
EndGlobal
